
Microsoft Visual Studio Solution File, Format Version 12.00
# Visual Studio Version 16
VisualStudioVersion = 16.0.29905.134
MinimumVisualStudioVersion = 10.0.40219.1
Project("{FAE04EC0-301F-11D3-BF4B-00C04F79EFBC}") = "DescontoFilme", "DescontoFilme\DescontoFilme.csproj", "{BDC178E2-F711-4F00-B326-33D9E78915F2}"
EndProject
Project("{FAE04EC0-301F-11D3-BF4B-00C04F79EFBC}") = "DescontoTests", "DescontoTests\DescontoTests.csproj", "{BA1A159F-4722-41EF-B37A-1B7AA896B987}"
EndProject
Global
	GlobalSection(SolutionConfigurationPlatforms) = preSolution
		Debug|Any CPU = Debug|Any CPU
		Release|Any CPU = Release|Any CPU
	EndGlobalSection
	GlobalSection(ProjectConfigurationPlatforms) = postSolution
		{BDC178E2-F711-4F00-B326-33D9E78915F2}.Debug|Any CPU.ActiveCfg = Debug|Any CPU
		{BDC178E2-F711-4F00-B326-33D9E78915F2}.Debug|Any CPU.Build.0 = Debug|Any CPU
		{BDC178E2-F711-4F00-B326-33D9E78915F2}.Release|Any CPU.ActiveCfg = Release|Any CPU
		{BDC178E2-F711-4F00-B326-33D9E78915F2}.Release|Any CPU.Build.0 = Release|Any CPU
		{BA1A159F-4722-41EF-B37A-1B7AA896B987}.Debug|Any CPU.ActiveCfg = Debug|Any CPU
		{BA1A159F-4722-41EF-B37A-1B7AA896B987}.Debug|Any CPU.Build.0 = Debug|Any CPU
		{BA1A159F-4722-41EF-B37A-1B7AA896B987}.Release|Any CPU.ActiveCfg = Release|Any CPU
		{BA1A159F-4722-41EF-B37A-1B7AA896B987}.Release|Any CPU.Build.0 = Release|Any CPU
	EndGlobalSection
	GlobalSection(SolutionProperties) = preSolution
		HideSolutionNode = FALSE
	EndGlobalSection
	GlobalSection(ExtensibilityGlobals) = postSolution
		SolutionGuid = {F194E55A-0F65-47FC-A3B7-1E9496863DB5}
	EndGlobalSection
EndGlobal
